
Microsoft Visual Studio Solution File, Format Version 12.00
# Visual Studio 2013
VisualStudioVersion = 12.0.30501.0
MinimumVisualStudioVersion = 10.0.40219.1
Project("{FAE04EC0-301F-11D3-BF4B-00C04F79EFBC}") = "BugSmash", "BugSmash\BugSmash.csproj", "{E94BC267-7AD3-43F3-9479-5C1F1161D210}"
EndProject
Project("{FAE04EC0-301F-11D3-BF4B-00C04F79EFBC}") = "AdjustGameSettings", "WindowsFormsApplication2\AdjustGameSettings.csproj", "{EDAF2AB2-2D8F-4305-9F03-A77C9790982E}"
EndProject
Global
	GlobalSection(SolutionConfigurationPlatforms) = preSolution
		Debug|Any CPU = Debug|Any CPU
		Debug|Mixed Platforms = Debug|Mixed Platforms
		Debug|x86 = Debug|x86
		Release|Any CPU = Release|Any CPU
		Release|Mixed Platforms = Release|Mixed Platforms
		Release|x86 = Release|x86
	EndGlobalSection
	GlobalSection(ProjectConfigurationPlatforms) = postSolution
		{E94BC267-7AD3-43F3-9479-5C1F1161D210}.Debug|Any CPU.ActiveCfg = Debug|x86
		{E94BC267-7AD3-43F3-9479-5C1F1161D210}.Debug|Mixed Platforms.ActiveCfg = Debug|x86
		{E94BC267-7AD3-43F3-9479-5C1F1161D210}.Debug|Mixed Platforms.Build.0 = Debug|x86
		{E94BC267-7AD3-43F3-9479-5C1F1161D210}.Debug|x86.ActiveCfg = Debug|x86
		{E94BC267-7AD3-43F3-9479-5C1F1161D210}.Debug|x86.Build.0 = Debug|x86
		{E94BC267-7AD3-43F3-9479-5C1F1161D210}.Release|Any CPU.ActiveCfg = Release|x86
		{E94BC267-7AD3-43F3-9479-5C1F1161D210}.Release|Mixed Platforms.ActiveCfg = Release|x86
		{E94BC267-7AD3-43F3-9479-5C1F1161D210}.Release|Mixed Platforms.Build.0 = Release|x86
		{E94BC267-7AD3-43F3-9479-5C1F1161D210}.Release|x86.ActiveCfg = Release|x86
		{E94BC267-7AD3-43F3-9479-5C1F1161D210}.Release|x86.Build.0 = Release|x86
		{EDAF2AB2-2D8F-4305-9F03-A77C9790982E}.Debug|Any CPU.ActiveCfg = Debug|Any CPU
		{EDAF2AB2-2D8F-4305-9F03-A77C9790982E}.Debug|Any CPU.Build.0 = Debug|Any CPU
		{EDAF2AB2-2D8F-4305-9F03-A77C9790982E}.Debug|Mixed Platforms.ActiveCfg = Debug|Any CPU
		{EDAF2AB2-2D8F-4305-9F03-A77C9790982E}.Debug|Mixed Platforms.Build.0 = Debug|Any CPU
		{EDAF2AB2-2D8F-4305-9F03-A77C9790982E}.Debug|x86.ActiveCfg = Debug|Any CPU
		{EDAF2AB2-2D8F-4305-9F03-A77C9790982E}.Release|Any CPU.ActiveCfg = Release|Any CPU
		{EDAF2AB2-2D8F-4305-9F03-A77C9790982E}.Release|Any CPU.Build.0 = Release|Any CPU
		{EDAF2AB2-2D8F-4305-9F03-A77C9790982E}.Release|Mixed Platforms.ActiveCfg = Release|Any CPU
		{EDAF2AB2-2D8F-4305-9F03-A77C9790982E}.Release|Mixed Platforms.Build.0 = Release|Any CPU
		{EDAF2AB2-2D8F-4305-9F03-A77C9790982E}.Release|x86.ActiveCfg = Release|Any CPU
	EndGlobalSection
	GlobalSection(SolutionProperties) = preSolution
		HideSolutionNode = FALSE
	EndGlobalSection
EndGlobal
